
Microsoft Visual Studio Solution File, Format Version 12.00
# Visual Studio Version 16
VisualStudioVersion = 16.0.31702.278
MinimumVisualStudioVersion = 10.0.40219.1
Project("{FAE04EC0-301F-11D3-BF4B-00C04F79EFBC}") = "Esperanto.UWP", "Esperanto\Esperanto.UWP\Esperanto.UWP.csproj", "{7D53D99E-DEC5-41E6-8EBA-896DF325BD03}"
EndProject
Project("{FAE04EC0-301F-11D3-BF4B-00C04F79EFBC}") = "Esperanto.Android", "Esperanto\Esperanto.Android\Esperanto.Android.csproj", "{7CE64403-390F-4BEE-8360-070355182867}"
EndProject
Project("{FAE04EC0-301F-11D3-BF4B-00C04F79EFBC}") = "Esperanto.iOS", "Esperanto\Esperanto.iOS\Esperanto.iOS.csproj", "{4D179A28-12B9-4EA6-B764-5D413DCA3424}"
EndProject
Project("{FAE04EC0-301F-11D3-BF4B-00C04F79EFBC}") = "Esperanto", "Esperanto\Esperanto\Esperanto.csproj", "{262D7602-8999-4161-9F6F-B0628B158728}"
EndProject
Global
	GlobalSection(SolutionConfigurationPlatforms) = preSolution
		Debug|Any CPU = Debug|Any CPU
		Debug|ARM = Debug|ARM
		Debug|iPhone = Debug|iPhone
		Debug|iPhoneSimulator = Debug|iPhoneSimulator
		Debug|x64 = Debug|x64
		Debug|x86 = Debug|x86
		Release|Any CPU = Release|Any CPU
		Release|ARM = Release|ARM
		Release|iPhone = Release|iPhone
		Release|iPhoneSimulator = Release|iPhoneSimulator
		Release|x64 = Release|x64
		Release|x86 = Release|x86
	EndGlobalSection
	GlobalSection(ProjectConfigurationPlatforms) = postSolution
		{7D53D99E-DEC5-41E6-8EBA-896DF325BD03}.Debug|Any CPU.ActiveCfg = Debug|x86
		{7D53D99E-DEC5-41E6-8EBA-896DF325BD03}.Debug|Any CPU.Build.0 = Debug|x86
		{7D53D99E-DEC5-41E6-8EBA-896DF325BD03}.Debug|Any CPU.Deploy.0 = Debug|x86
		{7D53D99E-DEC5-41E6-8EBA-896DF325BD03}.Debug|ARM.ActiveCfg = Debug|ARM
		{7D53D99E-DEC5-41E6-8EBA-896DF325BD03}.Debug|ARM.Build.0 = Debug|ARM
		{7D53D99E-DEC5-41E6-8EBA-896DF325BD03}.Debug|ARM.Deploy.0 = Debug|ARM
		{7D53D99E-DEC5-41E6-8EBA-896DF325BD03}.Debug|iPhone.ActiveCfg = Debug|x86
		{7D53D99E-DEC5-41E6-8EBA-896DF325BD03}.Debug|iPhone.Build.0 = Debug|x86
		{7D53D99E-DEC5-41E6-8EBA-896DF325BD03}.Debug|iPhone.Deploy.0 = Debug|x86
		{7D53D99E-DEC5-41E6-8EBA-896DF325BD03}.Debug|iPhoneSimulator.ActiveCfg = Debug|x86
		{7D53D99E-DEC5-41E6-8EBA-896DF325BD03}.Debug|iPhoneSimulator.Build.0 = Debug|x86
		{7D53D99E-DEC5-41E6-8EBA-896DF325BD03}.Debug|iPhoneSimulator.Deploy.0 = Debug|x86
		{7D53D99E-DEC5-41E6-8EBA-896DF325BD03}.Debug|x64.ActiveCfg = Debug|x64
		{7D53D99E-DEC5-41E6-8EBA-896DF325BD03}.Debug|x64.Build.0 = Debug|x64
		{7D53D99E-DEC5-41E6-8EBA-896DF325BD03}.Debug|x64.Deploy.0 = Debug|x64
		{7D53D99E-DEC5-41E6-8EBA-896DF325BD03}.Debug|x86.ActiveCfg = Debug|x86
		{7D53D99E-DEC5-41E6-8EBA-896DF325BD03}.Debug|x86.Build.0 = Debug|x86
		{7D53D99E-DEC5-41E6-8EBA-896DF325BD03}.Debug|x86.Deploy.0 = Debug|x86
		{7D53D99E-DEC5-41E6-8EBA-896DF325BD03}.Release|Any CPU.ActiveCfg = Release|x86
		{7D53D99E-DEC5-41E6-8EBA-896DF325BD03}.Release|Any CPU.Build.0 = Release|x86
		{7D53D99E-DEC5-41E6-8EBA-896DF325BD03}.Release|Any CPU.Deploy.0 = Release|x86
		{7D53D99E-DEC5-41E6-8EBA-896DF325BD03}.Release|ARM.ActiveCfg = Release|ARM
		{7D53D99E-DEC5-41E6-8EBA-896DF325BD03}.Release|ARM.Build.0 = Release|ARM
		{7D53D99E-DEC5-41E6-8EBA-896DF325BD03}.Release|ARM.Deploy.0 = Release|ARM
		{7D53D99E-DEC5-41E6-8EBA-896DF325BD03}.Release|iPhone.ActiveCfg = Release|x86
		{7D53D99E-DEC5-41E6-8EBA-896DF325BD03}.Release|iPhone.Build.0 = Release|x86
		{7D53D99E-DEC5-41E6-8EBA-896DF325BD03}.Release|iPhone.Deploy.0 = Release|x86
		{7D53D99E-DEC5-41E6-8EBA-896DF325BD03}.Release|iPhoneSimulator.ActiveCfg = Release|x86
		{7D53D99E-DEC5-41E6-8EBA-896DF325BD03}.Release|iPhoneSimulator.Build.0 = Release|x86
		{7D53D99E-DEC5-41E6-8EBA-896DF325BD03}.Release|iPhoneSimulator.Deploy.0 = Release|x86
		{7D53D99E-DEC5-41E6-8EBA-896DF325BD03}.Release|x64.ActiveCfg = Release|x64
		{7D53D99E-DEC5-41E6-8EBA-896DF325BD03}.Release|x64.Build.0 = Release|x64
		{7D53D99E-DEC5-41E6-8EBA-896DF325BD03}.Release|x64.Deploy.0 = Release|x64
		{7D53D99E-DEC5-41E6-8EBA-896DF325BD03}.Release|x86.ActiveCfg = Release|x86
		{7D53D99E-DEC5-41E6-8EBA-896DF325BD03}.Release|x86.Build.0 = Release|x86
		{7D53D99E-DEC5-41E6-8EBA-896DF325BD03}.Release|x86.Deploy.0 = Release|x86
		{7CE64403-390F-4BEE-8360-070355182867}.Debug|Any CPU.ActiveCfg = Debug|Any CPU
		{7CE64403-390F-4BEE-8360-070355182867}.Debug|Any CPU.Build.0 = Debug|Any CPU
		{7CE64403-390F-4BEE-8360-070355182867}.Debug|Any CPU.Deploy.0 = Debug|Any CPU
		{7CE64403-390F-4BEE-8360-070355182867}.Debug|ARM.ActiveCfg = Debug|Any CPU
		{7CE64403-390F-4BEE-8360-070355182867}.Debug|ARM.Build.0 = Debug|Any CPU
		{7CE64403-390F-4BEE-8360-070355182867}.Debug|ARM.Deploy.0 = Debug|Any CPU
		{7CE64403-390F-4BEE-8360-070355182867}.Debug|iPhone.ActiveCfg = Debug|Any CPU
		{7CE64403-390F-4BEE-8360-070355182867}.Debug|iPhone.Build.0 = Debug|Any CPU
		{7CE64403-390F-4BEE-8360-070355182867}.Debug|iPhone.Deploy.0 = Debug|Any CPU
		{7CE64403-390F-4BEE-8360-070355182867}.Debug|iPhoneSimulator.ActiveCfg = Debug|Any CPU
		{7CE64403-390F-4BEE-8360-070355182867}.Debug|iPhoneSimulator.Build.0 = Debug|Any CPU
		{7CE64403-390F-4BEE-8360-070355182867}.Debug|iPhoneSimulator.Deploy.0 = Debug|Any CPU
		{7CE64403-390F-4BEE-8360-070355182867}.Debug|x64.ActiveCfg = Debug|Any CPU
		{7CE64403-390F-4BEE-8360-070355182867}.Debug|x64.Build.0 = Debug|Any CPU
		{7CE64403-390F-4BEE-8360-070355182867}.Debug|x64.Deploy.0 = Debug|Any CPU
		{7CE64403-390F-4BEE-8360-070355182867}.Debug|x86.ActiveCfg = Debug|Any CPU
		{7CE64403-390F-4BEE-8360-070355182867}.Debug|x86.Build.0 = Debug|Any CPU
		{7CE64403-390F-4BEE-8360-070355182867}.Debug|x86.Deploy.0 = Debug|Any CPU
		{7CE64403-390F-4BEE-8360-070355182867}.Release|Any CPU.ActiveCfg = Release|Any CPU
		{7CE64403-390F-4BEE-8360-070355182867}.Release|Any CPU.Build.0 = Release|Any CPU
		{7CE64403-390F-4BEE-8360-070355182867}.Release|Any CPU.Deploy.0 = Release|Any CPU
		{7CE64403-390F-4BEE-8360-070355182867}.Release|ARM.ActiveCfg = Release|Any CPU
		{7CE64403-390F-4BEE-8360-070355182867}.Release|ARM.Build.0 = Release|Any CPU
		{7CE64403-390F-4BEE-8360-070355182867}.Release|ARM.Deploy.0 = Release|Any CPU
		{7CE64403-390F-4BEE-8360-070355182867}.Release|iPhone.ActiveCfg = Release|Any CPU
		{7CE64403-390F-4BEE-8360-070355182867}.Release|iPhone.Build.0 = Release|Any CPU
		{7CE64403-390F-4BEE-8360-070355182867}.Release|iPhone.Deploy.0 = Release|Any CPU
		{7CE64403-390F-4BEE-8360-070355182867}.Release|iPhoneSimulator.ActiveCfg = Release|Any CPU
		{7CE64403-390F-4BEE-8360-070355182867}.Release|iPhoneSimulator.Build.0 = Release|Any CPU
		{7CE64403-390F-4BEE-8360-070355182867}.Release|iPhoneSimulator.Deploy.0 = Release|Any CPU
		{7CE64403-390F-4BEE-8360-070355182867}.Release|x64.ActiveCfg = Release|Any CPU
		{7CE64403-390F-4BEE-8360-070355182867}.Release|x64.Build.0 = Release|Any CPU
		{7CE64403-390F-4BEE-8360-070355182867}.Release|x64.Deploy.0 = Release|Any CPU
		{7CE64403-390F-4BEE-8360-070355182867}.Release|x86.ActiveCfg = Release|Any CPU
		{7CE64403-390F-4BEE-8360-070355182867}.Release|x86.Build.0 = Release|Any CPU
		{7CE64403-390F-4BEE-8360-070355182867}.Release|x86.Deploy.0 = Release|Any CPU
		{4D179A28-12B9-4EA6-B764-5D413DCA3424}.Debug|Any CPU.ActiveCfg = Debug|iPhoneSimulator
		{4D179A28-12B9-4EA6-B764-5D413DCA3424}.Debug|Any CPU.Build.0 = Debug|iPhoneSimulator
		{4D179A28-12B9-4EA6-B764-5D413DCA3424}.Debug|Any CPU.Deploy.0 = Debug|iPhoneSimulator
		{4D179A28-12B9-4EA6-B764-5D413DCA3424}.Debug|ARM.ActiveCfg = Debug|iPhone
		{4D179A28-12B9-4EA6-B764-5D413DCA3424}.Debug|ARM.Build.0 = Debug|iPhone
		{4D179A28-12B9-4EA6-B764-5D413DCA3424}.Debug|ARM.Deploy.0 = Debug|iPhone
		{4D179A28-12B9-4EA6-B764-5D413DCA3424}.Debug|iPhone.ActiveCfg = Debug|iPhone
		{4D179A28-12B9-4EA6-B764-5D413DCA3424}.Debug|iPhone.Build.0 = Debug|iPhone
		{4D179A28-12B9-4EA6-B764-5D413DCA3424}.Debug|iPhone.Deploy.0 = Debug|iPhone
		{4D179A28-12B9-4EA6-B764-5D413DCA3424}.Debug|iPhoneSimulator.ActiveCfg = Debug|iPhoneSimulator
		{4D179A28-12B9-4EA6-B764-5D413DCA3424}.Debug|iPhoneSimulator.Build.0 = Debug|iPhoneSimulator
		{4D179A28-12B9-4EA6-B764-5D413DCA3424}.Debug|iPhoneSimulator.Deploy.0 = Debug|iPhoneSimulator
		{4D179A28-12B9-4EA6-B764-5D413DCA3424}.Debug|x64.ActiveCfg = Debug|iPhoneSimulator
		{4D179A28-12B9-4EA6-B764-5D413DCA3424}.Debug|x64.Build.0 = Debug|iPhoneSimulator
		{4D179A28-12B9-4EA6-B764-5D413DCA3424}.Debug|x64.Deploy.0 = Debug|iPhoneSimulator
		{4D179A28-12B9-4EA6-B764-5D413DCA3424}.Debug|x86.ActiveCfg = Debug|iPhoneSimulator
		{4D179A28-12B9-4EA6-B764-5D413DCA3424}.Debug|x86.Build.0 = Debug|iPhoneSimulator
		{4D179A28-12B9-4EA6-B764-5D413DCA3424}.Debug|x86.Deploy.0 = Debug|iPhoneSimulator
		{4D179A28-12B9-4EA6-B764-5D413DCA3424}.Release|Any CPU.ActiveCfg = Release|iPhoneSimulator
		{4D179A28-12B9-4EA6-B764-5D413DCA3424}.Release|Any CPU.Build.0 = Release|iPhoneSimulator
		{4D179A28-12B9-4EA6-B764-5D413DCA3424}.Release|Any CPU.Deploy.0 = Release|iPhoneSimulator
		{4D179A28-12B9-4EA6-B764-5D413DCA3424}.Release|ARM.ActiveCfg = Release|iPhoneSimulator
		{4D179A28-12B9-4EA6-B764-5D413DCA3424}.Release|ARM.Build.0 = Release|iPhoneSimulator
		{4D179A28-12B9-4EA6-B764-5D413DCA3424}.Release|ARM.Deploy.0 = Release|iPhoneSimulator
		{4D179A28-12B9-4EA6-B764-5D413DCA3424}.Release|iPhone.ActiveCfg = Release|iPhone
		{4D179A28-12B9-4EA6-B764-5D413DCA3424}.Release|iPhone.Build.0 = Release|iPhone
		{4D179A28-12B9-4EA6-B764-5D413DCA3424}.Release|iPhone.Deploy.0 = Release|iPhone
		{4D179A28-12B9-4EA6-B764-5D413DCA3424}.Release|iPhoneSimulator.ActiveCfg = Release|iPhoneSimulator
		{4D179A28-12B9-4EA6-B764-5D413DCA3424}.Release|iPhoneSimulator.Build.0 = Release|iPhoneSimulator
		{4D179A28-12B9-4EA6-B764-5D413DCA3424}.Release|iPhoneSimulator.Deploy.0 = Release|iPhoneSimulator
		{4D179A28-12B9-4EA6-B764-5D413DCA3424}.Release|x64.ActiveCfg = Release|iPhoneSimulator
		{4D179A28-12B9-4EA6-B764-5D413DCA3424}.Release|x64.Build.0 = Release|iPhoneSimulator
		{4D179A28-12B9-4EA6-B764-5D413DCA3424}.Release|x64.Deploy.0 = Release|iPhoneSimulator
		{4D179A28-12B9-4EA6-B764-5D413DCA3424}.Release|x86.ActiveCfg = Release|iPhoneSimulator
		{4D179A28-12B9-4EA6-B764-5D413DCA3424}.Release|x86.Build.0 = Release|iPhoneSimulator
		{4D179A28-12B9-4EA6-B764-5D413DCA3424}.Release|x86.Deploy.0 = Release|iPhoneSimulator
		{262D7602-8999-4161-9F6F-B0628B158728}.Debug|Any CPU.ActiveCfg = Debug|Any CPU
		{262D7602-8999-4161-9F6F-B0628B158728}.Debug|Any CPU.Build.0 = Debug|Any CPU
		{262D7602-8999-4161-9F6F-B0628B158728}.Debug|Any CPU.Deploy.0 = Debug|Any CPU
		{262D7602-8999-4161-9F6F-B0628B158728}.Debug|ARM.ActiveCfg = Debug|Any CPU
		{262D7602-8999-4161-9F6F-B0628B158728}.Debug|ARM.Build.0 = Debug|Any CPU
		{262D7602-8999-4161-9F6F-B0628B158728}.Debug|ARM.Deploy.0 = Debug|Any CPU
		{262D7602-8999-4161-9F6F-B0628B158728}.Debug|iPhone.ActiveCfg = Debug|Any CPU
		{262D7602-8999-4161-9F6F-B0628B158728}.Debug|iPhone.Build.0 = Debug|Any CPU
		{262D7602-8999-4161-9F6F-B0628B158728}.Debug|iPhone.Deploy.0 = Debug|Any CPU
		{262D7602-8999-4161-9F6F-B0628B158728}.Debug|iPhoneSimulator.ActiveCfg = Debug|Any CPU
		{262D7602-8999-4161-9F6F-B0628B158728}.Debug|iPhoneSimulator.Build.0 = Debug|Any CPU
		{262D7602-8999-4161-9F6F-B0628B158728}.Debug|iPhoneSimulator.Deploy.0 = Debug|Any CPU
		{262D7602-8999-4161-9F6F-B0628B158728}.Debug|x64.ActiveCfg = Debug|Any CPU
		{262D7602-8999-4161-9F6F-B0628B158728}.Debug|x64.Build.0 = Debug|Any CPU
		{262D7602-8999-4161-9F6F-B0628B158728}.Debug|x64.Deploy.0 = Debug|Any CPU
		{262D7602-8999-4161-9F6F-B0628B158728}.Debug|x86.ActiveCfg = Debug|Any CPU
		{262D7602-8999-4161-9F6F-B0628B158728}.Debug|x86.Build.0 = Debug|Any CPU
		{262D7602-8999-4161-9F6F-B0628B158728}.Debug|x86.Deploy.0 = Debug|Any CPU
		{262D7602-8999-4161-9F6F-B0628B158728}.Release|Any CPU.ActiveCfg = Release|Any CPU
		{262D7602-8999-4161-9F6F-B0628B158728}.Release|Any CPU.Build.0 = Release|Any CPU
		{262D7602-8999-4161-9F6F-B0628B158728}.Release|Any CPU.Deploy.0 = Release|Any CPU
		{262D7602-8999-4161-9F6F-B0628B158728}.Release|ARM.ActiveCfg = Release|Any CPU
		{262D7602-8999-4161-9F6F-B0628B158728}.Release|ARM.Build.0 = Release|Any CPU
		{262D7602-8999-4161-9F6F-B0628B158728}.Release|ARM.Deploy.0 = Release|Any CPU
		{262D7602-8999-4161-9F6F-B0628B158728}.Release|iPhone.ActiveCfg = Release|Any CPU
		{262D7602-8999-4161-9F6F-B0628B158728}.Release|iPhone.Build.0 = Release|Any CPU
		{262D7602-8999-4161-9F6F-B0628B158728}.Release|iPhone.Deploy.0 = Release|Any CPU
		{262D7602-8999-4161-9F6F-B0628B158728}.Release|iPhoneSimulator.ActiveCfg = Release|Any CPU
		{262D7602-8999-4161-9F6F-B0628B158728}.Release|iPhoneSimulator.Build.0 = Release|Any CPU
		{262D7602-8999-4161-9F6F-B0628B158728}.Release|iPhoneSimulator.Deploy.0 = Release|Any CPU
		{262D7602-8999-4161-9F6F-B0628B158728}.Release|x64.ActiveCfg = Release|Any CPU
		{262D7602-8999-4161-9F6F-B0628B158728}.Release|x64.Build.0 = Release|Any CPU
		{262D7602-8999-4161-9F6F-B0628B158728}.Release|x64.Deploy.0 = Release|Any CPU
		{262D7602-8999-4161-9F6F-B0628B158728}.Release|x86.ActiveCfg = Release|Any CPU
		{262D7602-8999-4161-9F6F-B0628B158728}.Release|x86.Build.0 = Release|Any CPU
		{262D7602-8999-4161-9F6F-B0628B158728}.Release|x86.Deploy.0 = Release|Any CPU
	EndGlobalSection
	GlobalSection(SolutionProperties) = preSolution
		HideSolutionNode = FALSE
	EndGlobalSection
	GlobalSection(ExtensibilityGlobals) = postSolution
		SolutionGuid = {F9CC4E00-5072-4D73-B931-E181683DB1F0}
	EndGlobalSection
EndGlobal
